<?xml version="1.0" encoding="utf-8"?>
<Project ToolsVersion="4.0" xmlns="http://schemas.microsoft.com/developer/msbuild/2003">
  <ItemGroup>
    <Filter Include="Source Files">
      <UniqueIdentifier>{4FC737F1-C7A5-4376-A066-2A32D752A2FF}</UniqueIdentifier>
      <Extensions>cpp;c;cc;cxx;def;odl;idl;hpj;bat;asm;asmx</Extensions>
    </Filter>
    <Filter Include="Header Files">
      <UniqueIdentifier>{93995380-89BD-4b04-88EB-625FBE52EBFB}</UniqueIdentifier>
      <Extensions>h;hh;hpp;hxx;hm;inl;inc;xsd</Extensions>
    </Filter>
    <Filter Include="Resource Files">
      <UniqueIdentifier>{67DA6AB6-F800-4c08-8B7A-83BB121AAD01}</UniqueIdentifier>
      <Extensions>rc;ico;cur;bmp;dlg;rc2;rct;bin;rgs;gif;jpg;jpeg;jpe;resx;tiff;tif;png;wav;mfcribbon-ms</Extensions>
    </Filter>
    <Filter Include="Header Files\Collisions">
      <UniqueIdentifier>{8f2078c5-4488-4bdb-86ca-ff5901d2bf52}</UniqueIdentifier>
    </Filter>
    <Filter Include="Header Files\App">
      <UniqueIdentifier>{28758a17-c030-4b65-afb7-f272af004945}</UniqueIdentifier>
    </Filter>
    <Filter Include="Header Files\Globals">
      <UniqueIdentifier>{582ecef8-5222-4e2a-890c-2a2f890e835b}</UniqueIdentifier>
    </Filter>
    <Filter Include="Header Files\Math">
      <UniqueIdentifier>{b0e11459-fe49-401c-bce0-b717e33a40b4}</UniqueIdentifier>
    </Filter>
    <Filter Include="Header Files\Misc">
      <UniqueIdentifier>{dd0da0f5-b27b-4061-94d9-0831c879dcde}</UniqueIdentifier>
    </Filter>
    <Filter Include="Header Files\Util">
      <UniqueIdentifier>{acd092cc-d869-4b6f-8a46-861c29df00be}</UniqueIdentifier>
    </Filter>
    <Filter Include="Header Files\Camera">
      <UniqueIdentifier>{16397b98-673b-4810-8921-9cbff43c419d}</UniqueIdentifier>
    </Filter>
    <Filter Include="Header Files\Shader">
      <UniqueIdentifier>{f31f60bb-0d78-4f65-a15b-3128e368c940}</UniqueIdentifier>
    </Filter>
    <Filter Include="Header Files\Physics">
      <UniqueIdentifier>{33623034-103c-4702-9213-711e40381785}</UniqueIdentifier>
    </Filter>
    <Filter Include="Header Files\Mesh">
      <UniqueIdentifier>{8d68b76d-5ea8-4fc4-b74b-2bcfb35b351f}</UniqueIdentifier>
    </Filter>
    <Filter Include="Source Files\Collisions">
      <UniqueIdentifier>{a2586c23-b5ad-425e-825b-6340081bdd81}</UniqueIdentifier>
    </Filter>
    <Filter Include="Source Files\App">
      <UniqueIdentifier>{2ee141c7-d94b-4983-a086-7ec29ea865c8}</UniqueIdentifier>
    </Filter>
    <Filter Include="Source Files\Globals">
      <UniqueIdentifier>{a12b5c82-9759-410c-b147-8a5e1435295b}</UniqueIdentifier>
    </Filter>
    <Filter Include="Source Files\Math">
      <UniqueIdentifier>{e9b9c9eb-bd6f-4950-a152-3b7ea7b2f1ed}</UniqueIdentifier>
    </Filter>
    <Filter Include="Source Files\Misc">
      <UniqueIdentifier>{a2bfcf3c-9bd7-4288-998b-6353e3bbee84}</UniqueIdentifier>
    </Filter>
    <Filter Include="Source Files\Camera">
      <UniqueIdentifier>{44336e35-4708-4cdd-856d-55e7d6126b6d}</UniqueIdentifier>
    </Filter>
    <Filter Include="Source Files\Mesh">
      <UniqueIdentifier>{749434b1-00a9-477f-b68e-51055c950604}</UniqueIdentifier>
    </Filter>
    <Filter Include="Source Files\Physics">
      <UniqueIdentifier>{370e6ef4-8806-4661-ba69-33df0aecbe53}</UniqueIdentifier>
    </Filter>
    <Filter Include="Source Files\Shader">
      <UniqueIdentifier>{8c261152-656c-479d-893d-212b6768717c}</UniqueIdentifier>
    </Filter>
    <Filter Include="Source Files\Util">
      <UniqueIdentifier>{860fe88c-a4e5-4bff-bdf1-aebf218216aa}</UniqueIdentifier>
    </Filter>
    <Filter Include="Header Files\RayTracing">
      <UniqueIdentifier>{80aa814a-ea8a-4211-b77c-384c75ae34b4}</UniqueIdentifier>
    </Filter>
    <Filter Include="Source Files\RayTracing">
      <UniqueIdentifier>{fa7df5c3-196a-4ccf-b4de-e6411f81c0d5}</UniqueIdentifier>
    </Filter>
  </ItemGroup>
  <ItemGroup>
    <ClCompile Include="DxUtAABBox.cpp">
      <Filter>Source Files\Collisions</Filter>
    </ClCompile>
    <ClCompile Include="DxUtBSphere.cpp">
      <Filter>Source Files\Collisions</Filter>
    </ClCompile>
    <ClCompile Include="DxUtBVTree.cpp">
      <Filter>Source Files\Collisions</Filter>
    </ClCompile>
    <ClCompile Include="DxUtCamera.cpp">
      <Filter>Source Files\Camera</Filter>
    </ClCompile>
    <ClCompile Include="DxUtCollisionGraphics.cpp">
      <Filter>Source Files\Collisions</Filter>
    </ClCompile>
    <ClCompile Include="DxUtD3DApp.cpp">
      <Filter>Source Files\App</Filter>
    </ClCompile>
    <ClCompile Include="DxUtEffect.cpp">
      <Filter>Source Files\Shader</Filter>
    </ClCompile>
    <ClCompile Include="DxUtEffectPool.cpp">
      <Filter>Source Files\Shader</Filter>
    </ClCompile>
    <ClCompile Include="DxUtError.cpp">
      <Filter>Source Files\Globals</Filter>
    </ClCompile>
    <ClCompile Include="DxUtFFT.cpp">
      <Filter>Source Files\Math</Filter>
    </ClCompile>
    <ClCompile Include="DxUtFPCamera.cpp">
      <Filter>Source Files\Camera</Filter>
    </ClCompile>
    <ClCompile Include="DxUtInclude.cpp">
      <Filter>Source Files\Globals</Filter>
    </ClCompile>
    <ClCompile Include="DxUtLevelSet.cpp">
      <Filter>Source Files\Collisions</Filter>
    </ClCompile>
    <ClCompile Include="DxUtMatrix.cpp">
      <Filter>Source Files\Math</Filter>
    </ClCompile>
    <ClCompile Include="DxUtMesh.cpp">
      <Filter>Source Files\Mesh</Filter>
    </ClCompile>
    <ClCompile Include="DxUtMeshPNT.cpp">
      <Filter>Source Files\Mesh</Filter>
    </ClCompile>
    <ClCompile Include="DxUtOBBox.cpp">
      <Filter>Source Files\Collisions</Filter>
    </ClCompile>
    <ClCompile Include="DxUtPolygon.cpp">
      <Filter>Source Files\Collisions</Filter>
    </ClCompile>
    <ClCompile Include="DxUtRandomNumber.cpp">
      <Filter>Source Files\Math</Filter>
    </ClCompile>
    <ClCompile Include="DxUtRigidBody.cpp">
      <Filter>Source Files\Physics</Filter>
    </ClCompile>
    <ClCompile Include="DxUtRigidBodyWorld.cpp">
      <Filter>Source Files\Physics</Filter>
    </ClCompile>
    <ClCompile Include="DxUtTimer.cpp">
      <Filter>Source Files\Util</Filter>
    </ClCompile>
    <ClCompile Include="DxUtTriangle.cpp">
      <Filter>Source Files\Math</Filter>
    </ClCompile>
    <ClCompile Include="DxUtVector.cpp">
      <Filter>Source Files\Math</Filter>
    </ClCompile>
    <ClCompile Include="TriTriTest.cpp">
      <Filter>Source Files\Math</Filter>
    </ClCompile>
    <ClCompile Include="DxUtResourcePool.cpp">
      <Filter>Source Files\Misc</Filter>
    </ClCompile>
    <ClCompile Include="DxUtMeshPool.cpp">
      <Filter>Source Files\Mesh</Filter>
    </ClCompile>
    <ClCompile Include="DxUtShaders.cpp">
      <Filter>Source Files\Shader</Filter>
    </ClCompile>
  </ItemGroup>
  <ItemGroup>
    <ClInclude Include="DxUtAABBox.h">
      <Filter>Header Files\Collisions</Filter>
    </ClInclude>
    <ClInclude Include="DxUtArray.h">
      <Filter>Header Files\Util</Filter>
    </ClInclude>
    <ClInclude Include="DxUtBSphere.h">
      <Filter>Header Files\Collisions</Filter>
    </ClInclude>
    <ClInclude Include="DxUtBVTree.h">
      <Filter>Header Files\Collisions</Filter>
    </ClInclude>
    <ClInclude Include="DxUtCamera.h">
      <Filter>Header Files\Camera</Filter>
    </ClInclude>
    <ClInclude Include="DxUtCollisionGraphics.h">
      <Filter>Header Files\Collisions</Filter>
    </ClInclude>
    <ClInclude Include="DxUtD3DApp.h">
      <Filter>Header Files\App</Filter>
    </ClInclude>
    <ClInclude Include="DxUtEffect.h">
      <Filter>Header Files\Shader</Filter>
    </ClInclude>
    <ClInclude Include="DxUtEffectPool.h">
      <Filter>Header Files\Shader</Filter>
    </ClInclude>
    <ClInclude Include="DxUtFFT.h">
      <Filter>Header Files\Math</Filter>
    </ClInclude>
    <ClInclude Include="DxUtFinitePointGrid.h">
      <Filter>Header Files\Collisions</Filter>
    </ClInclude>
    <ClInclude Include="DxUtFPCamera.h">
      <Filter>Header Files\Camera</Filter>
    </ClInclude>
    <ClInclude Include="DxUtInclude.h">
      <Filter>Header Files\Globals</Filter>
    </ClInclude>
    <ClInclude Include="DxUtInterpolater.h">
      <Filter>Header Files\Math</Filter>
    </ClInclude>
    <ClInclude Include="DxUtError.h">
      <Filter>Header Files\Globals</Filter>
    </ClInclude>
    <ClInclude Include="DxUtLevelSet.h">
      <Filter>Header Files\Collisions</Filter>
    </ClInclude>
    <ClInclude Include="DxUtLight.h">
      <Filter>Header Files\Shader</Filter>
    </ClInclude>
    <ClInclude Include="DxUtMaterial.h">
      <Filter>Header Files\Shader</Filter>
    </ClInclude>
    <ClInclude Include="DxUtMatrix.h">
      <Filter>Header Files\Math</Filter>
    </ClInclude>
    <ClInclude Include="DxUtMesh.h">
      <Filter>Header Files\Mesh</Filter>
    </ClInclude>
    <ClInclude Include="DxUtMeshPNT.h">
      <Filter>Header Files\Mesh</Filter>
    </ClInclude>
    <ClInclude Include="DxUtOBBox.h">
      <Filter>Header Files\Collisions</Filter>
    </ClInclude>
    <ClInclude Include="DxUtPolygon.h">
      <Filter>Header Files\Collisions</Filter>
    </ClInclude>
    <ClInclude Include="DxUtRandomNumber.h">
      <Filter>Header Files\Math</Filter>
    </ClInclude>
    <ClInclude Include="DxUtRay.h">
      <Filter>Header Files\Math</Filter>
    </ClInclude>
    <ClInclude Include="DxUtRigidBody.h">
      <Filter>Header Files\Physics</Filter>
    </ClInclude>
    <ClInclude Include="DxUtRigidBodyWorld.h">
      <Filter>Header Files\Physics</Filter>
    </ClInclude>
    <ClInclude Include="DxUtTimer.h">
      <Filter>Header Files\Util</Filter>
    </ClInclude>
    <ClInclude Include="DxUtTriangle.h">
      <Filter>Header Files\Math</Filter>
    </ClInclude>
    <ClInclude Include="DxUtVector.h">
      <Filter>Header Files\Math</Filter>
    </ClInclude>
    <ClInclude Include="TriTriTest.h">
      <Filter>Header Files\Math</Filter>
    </ClInclude>
    <ClInclude Include="DxUtVertex.h">
      <Filter>Header Files\Mesh</Filter>
    </ClInclude>
    <ClInclude Include="DxUtResourcePool.h">
      <Filter>Header Files\Misc</Filter>
    </ClInclude>
    <ClInclude Include="DxUtPlane.h">
      <Filter>Header Files\Math</Filter>
    </ClInclude>
    <ClInclude Include="DxUtMeshPool.h">
      <Filter>Header Files\Mesh</Filter>
    </ClInclude>
    <ClInclude Include="DxUtConvexHull.h">
      <Filter>Header Files\Collisions</Filter>
    </ClInclude>
    <ClInclude Include="DxUtApp.h">
      <Filter>Header Files\App</Filter>
    </ClInclude>
    <ClInclude Include="DxUtGLApp.h">
      <Filter>Header Files\App</Filter>
    </ClInclude>
    <ClInclude Include="DxUtShaders.h">
      <Filter>Header Files\Shader</Filter>
    </ClInclude>
  </ItemGroup>
</Project>